
Microsoft Visual Studio Solution File, Format Version 12.00
# Visual Studio Version 16
VisualStudioVersion = 16.0.30517.126
MinimumVisualStudioVersion = 10.0.40219.1
Project("{9092AA53-FB77-4645-B42D-1CCCA6BD08BD}") = "ClientServer", "ClientServer\ClientServer.njsproj", "{E297817D-4E1B-423C-847D-5F75D7D9747D}"
EndProject
Project("{9092AA53-FB77-4645-B42D-1CCCA6BD08BD}") = "MainServer", "MainServer\MainServer.njsproj", "{BA9D0850-D98C-42D4-9AE9-72F884528CC2}"
EndProject
Project("{FAE04EC0-301F-11D3-BF4B-00C04F79EFBC}") = "AngularServer", "AngularServer\AngularServer.csproj", "{C1DFD43F-0FDF-43BA-8474-FE0750C2B2C8}"
EndProject
Global
	GlobalSection(SolutionConfigurationPlatforms) = preSolution
		Debug|Any CPU = Debug|Any CPU
		Release|Any CPU = Release|Any CPU
	EndGlobalSection
	GlobalSection(ProjectConfigurationPlatforms) = postSolution
		{E297817D-4E1B-423C-847D-5F75D7D9747D}.Debug|Any CPU.ActiveCfg = Debug|Any CPU
		{E297817D-4E1B-423C-847D-5F75D7D9747D}.Debug|Any CPU.Build.0 = Debug|Any CPU
		{E297817D-4E1B-423C-847D-5F75D7D9747D}.Release|Any CPU.ActiveCfg = Release|Any CPU
		{E297817D-4E1B-423C-847D-5F75D7D9747D}.Release|Any CPU.Build.0 = Release|Any CPU
		{BA9D0850-D98C-42D4-9AE9-72F884528CC2}.Debug|Any CPU.ActiveCfg = Debug|Any CPU
		{BA9D0850-D98C-42D4-9AE9-72F884528CC2}.Debug|Any CPU.Build.0 = Debug|Any CPU
		{BA9D0850-D98C-42D4-9AE9-72F884528CC2}.Release|Any CPU.ActiveCfg = Release|Any CPU
		{BA9D0850-D98C-42D4-9AE9-72F884528CC2}.Release|Any CPU.Build.0 = Release|Any CPU
		{C1DFD43F-0FDF-43BA-8474-FE0750C2B2C8}.Debug|Any CPU.ActiveCfg = Debug|Any CPU
		{C1DFD43F-0FDF-43BA-8474-FE0750C2B2C8}.Debug|Any CPU.Build.0 = Debug|Any CPU
		{C1DFD43F-0FDF-43BA-8474-FE0750C2B2C8}.Release|Any CPU.ActiveCfg = Release|Any CPU
		{C1DFD43F-0FDF-43BA-8474-FE0750C2B2C8}.Release|Any CPU.Build.0 = Release|Any CPU
	EndGlobalSection
	GlobalSection(SolutionProperties) = preSolution
		HideSolutionNode = FALSE
	EndGlobalSection
	GlobalSection(ExtensibilityGlobals) = postSolution
		SolutionGuid = {8A7F7E6B-0AB1-48B7-9DE9-E9AE5D4EBBEA}
	EndGlobalSection
EndGlobal
